
Microsoft Visual Studio Solution File, Format Version 12.00
# Visual Studio 14
VisualStudioVersion = 14.0.25123.0
MinimumVisualStudioVersion = 10.0.40219.1
Project("{FAE04EC0-301F-11D3-BF4B-00C04F79EFBC}") = "Sc.Modules.Events.LayoutDataSourceReferenceUpdater", "src\Sc.Modules.Events.LayoutDataSourceReferenceUpdater.csproj", "{57AF4A1F-CED6-4B6C-A087-3CC24EC01D49}"
EndProject
Global
	GlobalSection(SolutionConfigurationPlatforms) = preSolution
		Debug|Any CPU = Debug|Any CPU
		Release|Any CPU = Release|Any CPU
	EndGlobalSection
	GlobalSection(ProjectConfigurationPlatforms) = postSolution
		{57AF4A1F-CED6-4B6C-A087-3CC24EC01D49}.Debug|Any CPU.ActiveCfg = Debug|Any CPU
		{57AF4A1F-CED6-4B6C-A087-3CC24EC01D49}.Debug|Any CPU.Build.0 = Debug|Any CPU
		{57AF4A1F-CED6-4B6C-A087-3CC24EC01D49}.Release|Any CPU.ActiveCfg = Release|Any CPU
		{57AF4A1F-CED6-4B6C-A087-3CC24EC01D49}.Release|Any CPU.Build.0 = Release|Any CPU
	EndGlobalSection
	GlobalSection(SolutionProperties) = preSolution
		HideSolutionNode = FALSE
	EndGlobalSection
EndGlobal
